
Microsoft Visual Studio Solution File, Format Version 12.00
# Visual Studio Version 17
VisualStudioVersion = 17.11.35303.130
MinimumVisualStudioVersion = 10.0.40219.1
Project("{FAE04EC0-301F-11D3-BF4B-00C04F79EFBC}") = "GymManagement", "GymManagement\GymManagement.csproj", "{FA978950-41D6-458A-9848-E4F3B8E7A6D7}"
EndProject
Global
	GlobalSection(SolutionConfigurationPlatforms) = preSolution
		Debug|Any CPU = Debug|Any CPU
		Release|Any CPU = Release|Any CPU
	EndGlobalSection
	GlobalSection(ProjectConfigurationPlatforms) = postSolution
		{FA978950-41D6-458A-9848-E4F3B8E7A6D7}.Debug|Any CPU.ActiveCfg = Debug|Any CPU
		{FA978950-41D6-458A-9848-E4F3B8E7A6D7}.Debug|Any CPU.Build.0 = Debug|Any CPU
		{FA978950-41D6-458A-9848-E4F3B8E7A6D7}.Release|Any CPU.ActiveCfg = Release|Any CPU
		{FA978950-41D6-458A-9848-E4F3B8E7A6D7}.Release|Any CPU.Build.0 = Release|Any CPU
	EndGlobalSection
	GlobalSection(SolutionProperties) = preSolution
		HideSolutionNode = FALSE
	EndGlobalSection
	GlobalSection(ExtensibilityGlobals) = postSolution
		SolutionGuid = {F665F857-9B1E-47F4-9822-9317ECFCE3DD}
	EndGlobalSection
EndGlobal
